<Solution>
  <Folder Name="/backend/">
    <Project Path="backend/TaskManager.API/TaskManager.API.csproj" />
    <Project Path="backend/TaskManager.Application/TaskManager.Application.csproj" />
    <Project Path="backend/TaskManager.Domain/TaskManager.Domain.csproj" />
    <Project Path="backend/TaskManager.Infrastructure/TaskManager.Infrastructure.csproj" />
  </Folder>
</Solution>
